
Microsoft Visual Studio Solution File, Format Version 12.00
# Visual Studio 15
VisualStudioVersion = 15.0.28307.438
MinimumVisualStudioVersion = 10.0.40219.1
Project("{8BC9CEB8-8B4A-11D0-8D11-00A0C91BC942}") = "GoToFile", "GoToFile\GoToFile.vcxproj", "{42745848-4FD6-406A-A6EB-817D70167B40}"
	ProjectSection(ProjectDependencies) = postProject
		{D1663DA1-60DB-48E9-911B-977E4DEF387F} = {D1663DA1-60DB-48E9-911B-977E4DEF387F}
	EndProjectSection
EndProject
Project("{8BC9CEB8-8B4A-11D0-8D11-00A0C91BC942}") = "GoToFileUI", "GoToFileUi\GoToFileUi.vcxproj", "{D1663DA1-60DB-48E9-911B-977E4DEF387F}"
EndProject
Project("{FAE04EC0-301F-11D3-BF4B-00C04F79EFBC}") = "GoToFileVSIX", "GoToFile\GoToFileVSIX\GoToFileVSIX.csproj", "{BD72EDB3-9E0F-4F83-B44C-894032C294FD}"
EndProject
Global
	GlobalSection(SolutionConfigurationPlatforms) = preSolution
		Debug|Any CPU = Debug|Any CPU
		Debug|x86 = Debug|x86
		Release|Any CPU = Release|Any CPU
		Release|x86 = Release|x86
	EndGlobalSection
	GlobalSection(ProjectConfigurationPlatforms) = postSolution
		{42745848-4FD6-406A-A6EB-817D70167B40}.Debug|Any CPU.ActiveCfg = Debug|Win32
		{42745848-4FD6-406A-A6EB-817D70167B40}.Debug|x86.ActiveCfg = Debug|Win32
		{42745848-4FD6-406A-A6EB-817D70167B40}.Debug|x86.Build.0 = Debug|Win32
		{42745848-4FD6-406A-A6EB-817D70167B40}.Release|Any CPU.ActiveCfg = Release|Win32
		{42745848-4FD6-406A-A6EB-817D70167B40}.Release|x86.ActiveCfg = Release|Win32
		{42745848-4FD6-406A-A6EB-817D70167B40}.Release|x86.Build.0 = Release|Win32
		{D1663DA1-60DB-48E9-911B-977E4DEF387F}.Debug|Any CPU.ActiveCfg = Debug|Win32
		{D1663DA1-60DB-48E9-911B-977E4DEF387F}.Debug|x86.ActiveCfg = Debug|Win32
		{D1663DA1-60DB-48E9-911B-977E4DEF387F}.Debug|x86.Build.0 = Debug|Win32
		{D1663DA1-60DB-48E9-911B-977E4DEF387F}.Release|Any CPU.ActiveCfg = Release|Win32
		{D1663DA1-60DB-48E9-911B-977E4DEF387F}.Release|x86.ActiveCfg = Release|Win32
		{D1663DA1-60DB-48E9-911B-977E4DEF387F}.Release|x86.Build.0 = Release|Win32
		{BD72EDB3-9E0F-4F83-B44C-894032C294FD}.Debug|Any CPU.ActiveCfg = Debug|Any CPU
		{BD72EDB3-9E0F-4F83-B44C-894032C294FD}.Debug|Any CPU.Build.0 = Debug|Any CPU
		{BD72EDB3-9E0F-4F83-B44C-894032C294FD}.Debug|x86.ActiveCfg = Debug|Any CPU
		{BD72EDB3-9E0F-4F83-B44C-894032C294FD}.Debug|x86.Build.0 = Debug|Any CPU
		{BD72EDB3-9E0F-4F83-B44C-894032C294FD}.Release|Any CPU.ActiveCfg = Release|Any CPU
		{BD72EDB3-9E0F-4F83-B44C-894032C294FD}.Release|Any CPU.Build.0 = Release|Any CPU
		{BD72EDB3-9E0F-4F83-B44C-894032C294FD}.Release|x86.ActiveCfg = Release|Any CPU
		{BD72EDB3-9E0F-4F83-B44C-894032C294FD}.Release|x86.Build.0 = Release|Any CPU
	EndGlobalSection
	GlobalSection(SolutionProperties) = preSolution
		HideSolutionNode = FALSE
	EndGlobalSection
	GlobalSection(ExtensibilityGlobals) = postSolution
		SolutionGuid = {FC4EC1F2-57E7-4C9F-A120-A4EC54856129}
	EndGlobalSection
EndGlobal
